// !$*UTF8*$!
{
	archiveVersion = 1;
	classes = {
	};
	objectVersion = 51;
	objects = {

/* Begin PBXBuildFile section */
		85062719DC1518352CF4AFF5 /* Pods_Swift_Chuzai.framework in Frameworks */ = {isa = PBXBuildFile; fileRef = 503700576A3C08F6DA837C1F /* Pods_Swift_Chuzai.framework */; };
		D539449E2628100C00DAC940 /* AppDelegate.swift in Sources */ = {isa = PBXBuildFile; fileRef = D539449D2628100C00DAC940 /* AppDelegate.swift */; };
		D53944A02628100C00DAC940 /* SceneDelegate.swift in Sources */ = {isa = PBXBuildFile; fileRef = D539449F2628100C00DAC940 /* SceneDelegate.swift */; };
		D53944A22628100C00DAC940 /* ViewController.swift in Sources */ = {isa = PBXBuildFile; fileRef = D53944A12628100C00DAC940 /* ViewController.swift */; };
		D53944A52628100C00DAC940 /* Main.storyboard in Resources */ = {isa = PBXBuildFile; fileRef = D53944A32628100C00DAC940 /* Main.storyboard */; };
		D53944A72628101000DAC940 /* Assets.xcassets in Resources */ = {isa = PBXBuildFile; fileRef = D53944A62628101000DAC940 /* Assets.xcassets */; };
		D53944AA2628101000DAC940 /* LaunchScreen.storyboard in Resources */ = {isa = PBXBuildFile; fileRef = D53944A82628101000DAC940 /* LaunchScreen.storyboard */; };
		D53944CC2628345500DAC940 /* GoogleService-Info.plist in Resources */ = {isa = PBXBuildFile; fileRef = D53944CB2628345500DAC940 /* GoogleService-Info.plist */; };
		D53944D5262836A600DAC940 /* CheckPermission.swift in Sources */ = {isa = PBXBuildFile; fileRef = D53944D4262836A600DAC940 /* CheckPermission.swift */; };
		D53944D92628495A00DAC940 /* SendToDBModel.swift in Sources */ = {isa = PBXBuildFile; fileRef = D53944D82628495A00DAC940 /* SendToDBModel.swift */; };
		D53944E1262871F000DAC940 /* TabBarController.swift in Sources */ = {isa = PBXBuildFile; fileRef = D53944E0262871F000DAC940 /* TabBarController.swift */; };
		D53944E4262872BB00DAC940 /* ChatViewController.swift in Sources */ = {isa = PBXBuildFile; fileRef = D53944E3262872BB00DAC940 /* ChatViewController.swift */; };
		D53944E726287D4900DAC940 /* Message.swift in Sources */ = {isa = PBXBuildFile; fileRef = D53944E626287D4900DAC940 /* Message.swift */; };
		D53944EB26288F8A00DAC940 /* MessageCell.swift in Sources */ = {isa = PBXBuildFile; fileRef = D53944E926288F8A00DAC940 /* MessageCell.swift */; };
		D53944EC26288F8A00DAC940 /* MessageCell.xib in Resources */ = {isa = PBXBuildFile; fileRef = D53944EA26288F8A00DAC940 /* MessageCell.xib */; };
		D53944EF262920FB00DAC940 /* RoomViewController.swift in Sources */ = {isa = PBXBuildFile; fileRef = D53944EE262920FB00DAC940 /* RoomViewController.swift */; };
		D53944F2262925DE00DAC940 /* RoomModel.swift in Sources */ = {isa = PBXBuildFile; fileRef = D53944F1262925DE00DAC940 /* RoomModel.swift */; };
		D53944F8262943CD00DAC940 /* RegisterViewController.swift in Sources */ = {isa = PBXBuildFile; fileRef = D53944D12628367200DAC940 /* RegisterViewController.swift */; };
		D53944FB262989E700DAC940 /* NewsViewController.swift in Sources */ = {isa = PBXBuildFile; fileRef = D53944FA262989E600DAC940 /* NewsViewController.swift */; };
		D53944FE2629C96700DAC940 /* WebViewController.swift in Sources */ = {isa = PBXBuildFile; fileRef = D53944FD2629C96600DAC940 /* WebViewController.swift */; };
/* End PBXBuildFile section */

/* Begin PBXFileReference section */
		019F284A2B82B69A3FE313D4 /* Pods-Swift Chuzai.release.xcconfig */ = {isa = PBXFileReference; includeInIndex = 1; lastKnownFileType = text.xcconfig; name = "Pods-Swift Chuzai.release.xcconfig"; path = "Target Support Files/Pods-Swift Chuzai/Pods-Swift Chuzai.release.xcconfig"; sourceTree = "<group>"; };
		3C462C5C6F8EABC19BAADF15 /* Pods-Swift Chuzai.debug.xcconfig */ = {isa = PBXFileReference; includeInIndex = 1; lastKnownFileType = text.xcconfig; name = "Pods-Swift Chuzai.debug.xcconfig"; path = "Target Support Files/Pods-Swift Chuzai/Pods-Swift Chuzai.debug.xcconfig"; sourceTree = "<group>"; };
		503700576A3C08F6DA837C1F /* Pods_Swift_Chuzai.framework */ = {isa = PBXFileReference; explicitFileType = wrapper.framework; includeInIndex = 0; path = Pods_Swift_Chuzai.framework; sourceTree = BUILT_PRODUCTS_DIR; };
		D539449A2628100C00DAC940 /* Swift Chuzai.app */ = {isa = PBXFileReference; explicitFileType = wrapper.application; includeInIndex = 0; path = "Swift Chuzai.app"; sourceTree = BUILT_PRODUCTS_DIR; };
		D539449D2628100C00DAC940 /* AppDelegate.swift */ = {isa = PBXFileReference; lastKnownFileType = sourcecode.swift; path = AppDelegate.swift; sourceTree = "<group>"; };
		D539449F2628100C00DAC940 /* SceneDelegate.swift */ = {isa = PBXFileReference; lastKnownFileType = sourcecode.swift; path = SceneDelegate.swift; sourceTree = "<group>"; };
		D53944A12628100C00DAC940 /* ViewController.swift */ = {isa = PBXFileReference; lastKnownFileType = sourcecode.swift; path = ViewController.swift; sourceTree = "<group>"; };
		D53944A42628100C00DAC940 /* Base */ = {isa = PBXFileReference; lastKnownFileType = file.storyboard; name = Base; path = Base.lproj/Main.storyboard; sourceTree = "<group>"; };
		D53944A62628101000DAC940 /* Assets.xcassets */ = {isa = PBXFileReference; lastKnownFileType = folder.assetcatalog; path = Assets.xcassets; sourceTree = "<group>"; };
		D53944A92628101000DAC940 /* Base */ = {isa = PBXFileReference; lastKnownFileType = file.storyboard; name = Base; path = Base.lproj/LaunchScreen.storyboard; sourceTree = "<group>"; };
		D53944AB2628101000DAC940 /* Info.plist */ = {isa = PBXFileReference; lastKnownFileType = text.plist.xml; path = Info.plist; sourceTree = "<group>"; };
		D53944CB2628345500DAC940 /* GoogleService-Info.plist */ = {isa = PBXFileReference; fileEncoding = 4; lastKnownFileType = text.plist.xml; path = "GoogleService-Info.plist"; sourceTree = "<group>"; };
		D53944D12628367200DAC940 /* RegisterViewController.swift */ = {isa = PBXFileReference; lastKnownFileType = sourcecode.swift; path = RegisterViewController.swift; sourceTree = "<group>"; };
		D53944D4262836A600DAC940 /* CheckPermission.swift */ = {isa = PBXFileReference; lastKnownFileType = sourcecode.swift; path = CheckPermission.swift; sourceTree = "<group>"; };
		D53944D82628495A00DAC940 /* SendToDBModel.swift */ = {isa = PBXFileReference; lastKnownFileType = sourcecode.swift; path = SendToDBModel.swift; sourceTree = "<group>"; };
		D53944E0262871F000DAC940 /* TabBarController.swift */ = {isa = PBXFileReference; lastKnownFileType = sourcecode.swift; path = TabBarController.swift; sourceTree = "<group>"; };
		D53944E3262872BB00DAC940 /* ChatViewController.swift */ = {isa = PBXFileReference; lastKnownFileType = sourcecode.swift; path = ChatViewController.swift; sourceTree = "<group>"; };
		D53944E626287D4900DAC940 /* Message.swift */ = {isa = PBXFileReference; lastKnownFileType = sourcecode.swift; path = Message.swift; sourceTree = "<group>"; };
		D53944E926288F8A00DAC940 /* MessageCell.swift */ = {isa = PBXFileReference; lastKnownFileType = sourcecode.swift; path = MessageCell.swift; sourceTree = "<group>"; };
		D53944EA26288F8A00DAC940 /* MessageCell.xib */ = {isa = PBXFileReference; lastKnownFileType = file.xib; path = MessageCell.xib; sourceTree = "<group>"; };
		D53944EE262920FB00DAC940 /* RoomViewController.swift */ = {isa = PBXFileReference; lastKnownFileType = sourcecode.swift; path = RoomViewController.swift; sourceTree = "<group>"; };
		D53944F1262925DE00DAC940 /* RoomModel.swift */ = {isa = PBXFileReference; lastKnownFileType = sourcecode.swift; path = RoomModel.swift; sourceTree = "<group>"; };
		D53944FA262989E600DAC940 /* NewsViewController.swift */ = {isa = PBXFileReference; lastKnownFileType = sourcecode.swift; path = NewsViewController.swift; sourceTree = "<group>"; };
		D53944FD2629C96600DAC940 /* WebViewController.swift */ = {isa = PBXFileReference; lastKnownFileType = sourcecode.swift; path = WebViewController.swift; sourceTree = "<group>"; };
/* End PBXFileReference section */

/* Begin PBXFrameworksBuildPhase section */
		D53944972628100C00DAC940 /* Frameworks */ = {
			isa = PBXFrameworksBuildPhase;
			buildActionMask = 2147483647;
			files = (
				85062719DC1518352CF4AFF5 /* Pods_Swift_Chuzai.framework in Frameworks */,
			);
			runOnlyForDeploymentPostprocessing = 0;
		};
/* End PBXFrameworksBuildPhase section */

/* Begin PBXGroup section */
		62C9E1D6D11B9CCC2DC80F80 /* Frameworks */ = {
			isa = PBXGroup;
			children = (
				503700576A3C08F6DA837C1F /* Pods_Swift_Chuzai.framework */,
			);
			name = Frameworks;
			sourceTree = "<group>";
		};
		6852720E3CA30746EA3A32BA /* Pods */ = {
			isa = PBXGroup;
			children = (
				3C462C5C6F8EABC19BAADF15 /* Pods-Swift Chuzai.debug.xcconfig */,
				019F284A2B82B69A3FE313D4 /* Pods-Swift Chuzai.release.xcconfig */,
			);
			path = Pods;
			sourceTree = "<group>";
		};
		D53944912628100C00DAC940 = {
			isa = PBXGroup;
			children = (
				D539449C2628100C00DAC940 /* Swift Chuzai */,
				D539449B2628100C00DAC940 /* Products */,
				6852720E3CA30746EA3A32BA /* Pods */,
				62C9E1D6D11B9CCC2DC80F80 /* Frameworks */,
			);
			sourceTree = "<group>";
		};
		D539449B2628100C00DAC940 /* Products */ = {
			isa = PBXGroup;
			children = (
				D539449A2628100C00DAC940 /* Swift Chuzai.app */,
			);
			name = Products;
			sourceTree = "<group>";
		};
		D539449C2628100C00DAC940 /* Swift Chuzai */ = {
			isa = PBXGroup;
			children = (
				D539449D2628100C00DAC940 /* AppDelegate.swift */,
				D539449F2628100C00DAC940 /* SceneDelegate.swift */,
				D53944CF2628364800DAC940 /* Model */,
				D53944CE2628363200DAC940 /* Controller */,
				D53944A32628100C00DAC940 /* Main.storyboard */,
				D53944E926288F8A00DAC940 /* MessageCell.swift */,
				D53944EA26288F8A00DAC940 /* MessageCell.xib */,
				D53944A62628101000DAC940 /* Assets.xcassets */,
				D53944A82628101000DAC940 /* LaunchScreen.storyboard */,
				D53944AB2628101000DAC940 /* Info.plist */,
				D53944CB2628345500DAC940 /* GoogleService-Info.plist */,
			);
			path = "Swift Chuzai";
			sourceTree = "<group>";
		};
		D53944CE2628363200DAC940 /* Controller */ = {
			isa = PBXGroup;
			children = (
				D53944A12628100C00DAC940 /* ViewController.swift */,
				D53944D12628367200DAC940 /* RegisterViewController.swift */,
				D53944E0262871F000DAC940 /* TabBarController.swift */,
				D53944E3262872BB00DAC940 /* ChatViewController.swift */,
				D53944EE262920FB00DAC940 /* RoomViewController.swift */,
				D53944FA262989E600DAC940 /* NewsViewController.swift */,
				D53944FD2629C96600DAC940 /* WebViewController.swift */,
			);
			path = Controller;
			sourceTree = "<group>";
		};
		D53944CF2628364800DAC940 /* Model */ = {
			isa = PBXGroup;
			children = (
				D53944D4262836A600DAC940 /* CheckPermission.swift */,
				D53944D82628495A00DAC940 /* SendToDBModel.swift */,
				D53944E626287D4900DAC940 /* Message.swift */,
				D53944F1262925DE00DAC940 /* RoomModel.swift */,
			);
			path = Model;
			sourceTree = "<group>";
		};
/* End PBXGroup section */

/* Begin PBXNativeTarget section */
		D53944992628100C00DAC940 /* Swift Chuzai */ = {
			isa = PBXNativeTarget;
			buildConfigurationList = D53944AE2628101000DAC940 /* Build configuration list for PBXNativeTarget "Swift Chuzai" */;
			buildPhases = (
				E715EDC93957381BE7A019A0 /* [CP] Check Pods Manifest.lock */,
				D53944962628100C00DAC940 /* Sources */,
				D53944972628100C00DAC940 /* Frameworks */,
				D53944982628100C00DAC940 /* Resources */,
				D2B77B4624569146938DA639 /* [CP] Embed Pods Frameworks */,
			);
			buildRules = (
			);
			dependencies = (
			);
			name = "Swift Chuzai";
			productName = "Swift Chuzai";
			productReference = D539449A2628100C00DAC940 /* Swift Chuzai.app */;
			productType = "com.apple.product-type.application";
		};
/* End PBXNativeTarget section */

/* Begin PBXProject section */
		D53944922628100C00DAC940 /* Project object */ = {
			isa = PBXProject;
			attributes = {
				LastSwiftUpdateCheck = 1240;
				LastUpgradeCheck = 1240;
				TargetAttributes = {
					D53944992628100C00DAC940 = {
						CreatedOnToolsVersion = 12.4;
					};
				};
			};
			buildConfigurationList = D53944952628100C00DAC940 /* Build configuration list for PBXProject "Swift Chuzai" */;
			compatibilityVersion = "Xcode 9.3";
			developmentRegion = en;
			hasScannedForEncodings = 0;
			knownRegions = (
				en,
				Base,
			);
			mainGroup = D53944912628100C00DAC940;
			productRefGroup = D539449B2628100C00DAC940 /* Products */;
			projectDirPath = "";
			projectRoot = "";
			targets = (
				D53944992628100C00DAC940 /* Swift Chuzai */,
			);
		};
/* End PBXProject section */

/* Begin PBXResourcesBuildPhase section */
		D53944982628100C00DAC940 /* Resources */ = {
			isa = PBXResourcesBuildPhase;
			buildActionMask = 2147483647;
			files = (
				D53944EC26288F8A00DAC940 /* MessageCell.xib in Resources */,
				D53944AA2628101000DAC940 /* LaunchScreen.storyboard in Resources */,
				D53944A72628101000DAC940 /* Assets.xcassets in Resources */,
				D53944A52628100C00DAC940 /* Main.storyboard in Resources */,
				D53944CC2628345500DAC940 /* GoogleService-Info.plist in Resources */,
			);
			runOnlyForDeploymentPostprocessing = 0;
		};
/* End PBXResourcesBuildPhase section */

/* Begin PBXShellScriptBuildPhase section */
		D2B77B4624569146938DA639 /* [CP] Embed Pods Frameworks */ = {
			isa = PBXShellScriptBuildPhase;
			buildActionMask = 2147483647;
			files = (
			);
			inputFileListPaths = (
				"${PODS_ROOT}/Target Support Files/Pods-Swift Chuzai/Pods-Swift Chuzai-frameworks-${CONFIGURATION}-input-files.xcfilelist",
			);
			name = "[CP] Embed Pods Frameworks";
			outputFileListPaths = (
				"${PODS_ROOT}/Target Support Files/Pods-Swift Chuzai/Pods-Swift Chuzai-frameworks-${CONFIGURATION}-output-files.xcfilelist",
			);
			runOnlyForDeploymentPostprocessing = 0;
			shellPath = /bin/sh;
			shellScript = "\"${PODS_ROOT}/Target Support Files/Pods-Swift Chuzai/Pods-Swift Chuzai-frameworks.sh\"\n";
			showEnvVarsInLog = 0;
		};
		E715EDC93957381BE7A019A0 /* [CP] Check Pods Manifest.lock */ = {
			isa = PBXShellScriptBuildPhase;
			buildActionMask = 2147483647;
			files = (
			);
			inputFileListPaths = (
			);
			inputPaths = (
				"${PODS_PODFILE_DIR_PATH}/Podfile.lock",
				"${PODS_ROOT}/Manifest.lock",
			);
			name = "[CP] Check Pods Manifest.lock";
			outputFileListPaths = (
			);
			outputPaths = (
				"$(DERIVED_FILE_DIR)/Pods-Swift Chuzai-checkManifestLockResult.txt",
			);
			runOnlyForDeploymentPostprocessing = 0;
			shellPath = /bin/sh;
			shellScript = "diff \"${PODS_PODFILE_DIR_PATH}/Podfile.lock\" \"${PODS_ROOT}/Manifest.lock\" > /dev/null\nif [ $? != 0 ] ; then\n    # print error to STDERR\n    echo \"error: The sandbox is not in sync with the Podfile.lock. Run 'pod install' or update your CocoaPods installation.\" >&2\n    exit 1\nfi\n# This output is used by Xcode 'outputs' to avoid re-running this script phase.\necho \"SUCCESS\" > \"${SCRIPT_OUTPUT_FILE_0}\"\n";
			showEnvVarsInLog = 0;
		};
/* End PBXShellScriptBuildPhase section */

/* Begin PBXSourcesBuildPhase section */
		D53944962628100C00DAC940 /* Sources */ = {
			isa = PBXSourcesBuildPhase;
			buildActionMask = 2147483647;
			files = (
				D53944D5262836A600DAC940 /* CheckPermission.swift in Sources */,
				D53944EB26288F8A00DAC940 /* MessageCell.swift in Sources */,
				D53944A22628100C00DAC940 /* ViewController.swift in Sources */,
				D53944F8262943CD00DAC940 /* RegisterViewController.swift in Sources */,
				D53944E4262872BB00DAC940 /* ChatViewController.swift in Sources */,
				D53944E726287D4900DAC940 /* Message.swift in Sources */,
				D53944FB262989E700DAC940 /* NewsViewController.swift in Sources */,
				D539449E2628100C00DAC940 /* AppDelegate.swift in Sources */,
				D53944EF262920FB00DAC940 /* RoomViewController.swift in Sources */,
				D53944A02628100C00DAC940 /* SceneDelegate.swift in Sources */,
				D53944F2262925DE00DAC940 /* RoomModel.swift in Sources */,
				D53944FE2629C96700DAC940 /* WebViewController.swift in Sources */,
				D53944E1262871F000DAC940 /* TabBarController.swift in Sources */,
				D53944D92628495A00DAC940 /* SendToDBModel.swift in Sources */,
			);
			runOnlyForDeploymentPostprocessing = 0;
		};
/* End PBXSourcesBuildPhase section */

/* Begin PBXVariantGroup section */
		D53944A32628100C00DAC940 /* Main.storyboard */ = {
			isa = PBXVariantGroup;
			children = (
				D53944A42628100C00DAC940 /* Base */,
			);
			name = Main.storyboard;
			sourceTree = "<group>";
		};
		D53944A82628101000DAC940 /* LaunchScreen.storyboard */ = {
			isa = PBXVariantGroup;
			children = (
				D53944A92628101000DAC940 /* Base */,
			);
			name = LaunchScreen.storyboard;
			sourceTree = "<group>";
		};
/* End PBXVariantGroup section */

/* Begin XCBuildConfiguration section */
		D53944AC2628101000DAC940 /* Debug */ = {
			isa = XCBuildConfiguration;
			buildSettings = {
				ALWAYS_SEARCH_USER_PATHS = NO;
				CLANG_ANALYZER_NONNULL = YES;
				CLANG_ANALYZER_NUMBER_OBJECT_CONVERSION = YES_AGGRESSIVE;
				CLANG_CXX_LANGUAGE_STANDARD = "gnu++14";
				CLANG_CXX_LIBRARY = "libc++";
				CLANG_ENABLE_MODULES = YES;
				CLANG_ENABLE_OBJC_ARC = YES;
				CLANG_ENABLE_OBJC_WEAK = YES;
				CLANG_WARN_BLOCK_CAPTURE_AUTORELEASING = YES;
				CLANG_WARN_BOOL_CONVERSION = YES;
				CLANG_WARN_COMMA = YES;
				CLANG_WARN_CONSTANT_CONVERSION = YES;
				CLANG_WARN_DEPRECATED_OBJC_IMPLEMENTATIONS = YES;
				CLANG_WARN_DIRECT_OBJC_ISA_USAGE = YES_ERROR;
				CLANG_WARN_DOCUMENTATION_COMMENTS = YES;
				CLANG_WARN_EMPTY_BODY = YES;
				CLANG_WARN_ENUM_CONVERSION = YES;
				CLANG_WARN_INFINITE_RECURSION = YES;
				CLANG_WARN_INT_CONVERSION = YES;
				CLANG_WARN_NON_LITERAL_NULL_CONVERSION = YES;
				CLANG_WARN_OBJC_IMPLICIT_RETAIN_SELF = YES;
				CLANG_WARN_OBJC_LITERAL_CONVERSION = YES;
				CLANG_WARN_OBJC_ROOT_CLASS = YES_ERROR;
				CLANG_WARN_QUOTED_INCLUDE_IN_FRAMEWORK_HEADER = YES;
				CLANG_WARN_RANGE_LOOP_ANALYSIS = YES;
				CLANG_WARN_STRICT_PROTOTYPES = YES;
				CLANG_WARN_SUSPICIOUS_MOVE = YES;
				CLANG_WARN_UNGUARDED_AVAILABILITY = YES_AGGRESSIVE;
				CLANG_WARN_UNREACHABLE_CODE = YES;
				CLANG_WARN__DUPLICATE_METHOD_MATCH = YES;
				COPY_PHASE_STRIP = NO;
				DEBUG_INFORMATION_FORMAT = dwarf;
				ENABLE_STRICT_OBJC_MSGSEND = YES;
				ENABLE_TESTABILITY = YES;
				GCC_C_LANGUAGE_STANDARD = gnu11;
				GCC_DYNAMIC_NO_PIC = NO;
				GCC_NO_COMMON_BLOCKS = YES;
				GCC_OPTIMIZATION_LEVEL = 0;
				GCC_PREPROCESSOR_DEFINITIONS = (
					"DEBUG=1",
					"$(inherited)",
				);
				GCC_WARN_64_TO_32_BIT_CONVERSION = YES;
				GCC_WARN_ABOUT_RETURN_TYPE = YES_ERROR;
				GCC_WARN_UNDECLARED_SELECTOR = YES;
				GCC_WARN_UNINITIALIZED_AUTOS = YES_AGGRESSIVE;
				GCC_WARN_UNUSED_FUNCTION = YES;
				GCC_WARN_UNUSED_VARIABLE = YES;
				IPHONEOS_DEPLOYMENT_TARGET = 14.4;
				MTL_ENABLE_DEBUG_INFO = INCLUDE_SOURCE;
				MTL_FAST_MATH = YES;
				ONLY_ACTIVE_ARCH = YES;
				SDKROOT = iphoneos;
				SWIFT_ACTIVE_COMPILATION_CONDITIONS = DEBUG;
				SWIFT_OPTIMIZATION_LEVEL = "-Onone";
			};
			name = Debug;
		};
		D53944AD2628101000DAC940 /* Release */ = {
			isa = XCBuildConfiguration;
			buildSettings = {
				ALWAYS_SEARCH_USER_PATHS = NO;
				CLANG_ANALYZER_NONNULL = YES;
				CLANG_ANALYZER_NUMBER_OBJECT_CONVERSION = YES_AGGRESSIVE;
				CLANG_CXX_LANGUAGE_STANDARD = "gnu++14";
				CLANG_CXX_LIBRARY = "libc++";
				CLANG_ENABLE_MODULES = YES;
				CLANG_ENABLE_OBJC_ARC = YES;
				CLANG_ENABLE_OBJC_WEAK = YES;
				CLANG_WARN_BLOCK_CAPTURE_AUTORELEASING = YES;
				CLANG_WARN_BOOL_CONVERSION = YES;
				CLANG_WARN_COMMA = YES;
				CLANG_WARN_CONSTANT_CONVERSION = YES;
				CLANG_WARN_DEPRECATED_OBJC_IMPLEMENTATIONS = YES;
				CLANG_WARN_DIRECT_OBJC_ISA_USAGE = YES_ERROR;
				CLANG_WARN_DOCUMENTATION_COMMENTS = YES;
				CLANG_WARN_EMPTY_BODY = YES;
				CLANG_WARN_ENUM_CONVERSION = YES;
				CLANG_WARN_INFINITE_RECURSION = YES;
				CLANG_WARN_INT_CONVERSION = YES;
				CLANG_WARN_NON_LITERAL_NULL_CONVERSION = YES;
				CLANG_WARN_OBJC_IMPLICIT_RETAIN_SELF = YES;
				CLANG_WARN_OBJC_LITERAL_CONVERSION = YES;
				CLANG_WARN_OBJC_ROOT_CLASS = YES_ERROR;
				CLANG_WARN_QUOTED_INCLUDE_IN_FRAMEWORK_HEADER = YES;
				CLANG_WARN_RANGE_LOOP_ANALYSIS = YES;
				CLANG_WARN_STRICT_PROTOTYPES = YES;
				CLANG_WARN_SUSPICIOUS_MOVE = YES;
				CLANG_WARN_UNGUARDED_AVAILABILITY = YES_AGGRESSIVE;
				CLANG_WARN_UNREACHABLE_CODE = YES;
				CLANG_WARN__DUPLICATE_METHOD_MATCH = YES;
				COPY_PHASE_STRIP = NO;
				DEBUG_INFORMATION_FORMAT = "dwarf-with-dsym";
				ENABLE_NS_ASSERTIONS = NO;
				ENABLE_STRICT_OBJC_MSGSEND = YES;
				GCC_C_LANGUAGE_STANDARD = gnu11;
				GCC_NO_COMMON_BLOCKS = YES;
				GCC_WARN_64_TO_32_BIT_CONVERSION = YES;
				GCC_WARN_ABOUT_RETURN_TYPE = YES_ERROR;
				GCC_WARN_UNDECLARED_SELECTOR = YES;
				GCC_WARN_UNINITIALIZED_AUTOS = YES_AGGRESSIVE;
				GCC_WARN_UNUSED_FUNCTION = YES;
				GCC_WARN_UNUSED_VARIABLE = YES;
				IPHONEOS_DEPLOYMENT_TARGET = 14.4;
				MTL_ENABLE_DEBUG_INFO = NO;
				MTL_FAST_MATH = YES;
				SDKROOT = iphoneos;
				SWIFT_COMPILATION_MODE = wholemodule;
				SWIFT_OPTIMIZATION_LEVEL = "-O";
				VALIDATE_PRODUCT = YES;
			};
			name = Release;
		};
		D53944AF2628101000DAC940 /* Debug */ = {
			isa = XCBuildConfiguration;
			baseConfigurationReference = 3C462C5C6F8EABC19BAADF15 /* Pods-Swift Chuzai.debug.xcconfig */;
			buildSettings = {
				ASSETCATALOG_COMPILER_APPICON_NAME = AppIcon;
				ASSETCATALOG_COMPILER_GLOBAL_ACCENT_COLOR_NAME = AccentColor;
				CODE_SIGN_STYLE = Automatic;
				DEVELOPMENT_TEAM = 7R3S24H9FD;
				INFOPLIST_FILE = "Swift Chuzai/Info.plist";
				LD_RUNPATH_SEARCH_PATHS = (
					"$(inherited)",
					"@executable_path/Frameworks",
				);
				PRODUCT_BUNDLE_IDENTIFIER = "com.shinya.Swift-Chuzai";
				PRODUCT_NAME = "$(TARGET_NAME)";
				SWIFT_VERSION = 5.0;
				TARGETED_DEVICE_FAMILY = 1;
			};
			name = Debug;
		};
		D53944B02628101000DAC940 /* Release */ = {
			isa = XCBuildConfiguration;
			baseConfigurationReference = 019F284A2B82B69A3FE313D4 /* Pods-Swift Chuzai.release.xcconfig */;
			buildSettings = {
				ASSETCATALOG_COMPILER_APPICON_NAME = AppIcon;
				ASSETCATALOG_COMPILER_GLOBAL_ACCENT_COLOR_NAME = AccentColor;
				CODE_SIGN_STYLE = Automatic;
				DEVELOPMENT_TEAM = 7R3S24H9FD;
				INFOPLIST_FILE = "Swift Chuzai/Info.plist";
				LD_RUNPATH_SEARCH_PATHS = (
					"$(inherited)",
					"@executable_path/Frameworks",
				);
				PRODUCT_BUNDLE_IDENTIFIER = "com.shinya.Swift-Chuzai";
				PRODUCT_NAME = "$(TARGET_NAME)";
				SWIFT_VERSION = 5.0;
				TARGETED_DEVICE_FAMILY = 1;
			};
			name = Release;
		};
/* End XCBuildConfiguration section */

/* Begin XCConfigurationList section */
		D53944952628100C00DAC940 /* Build configuration list for PBXProject "Swift Chuzai" */ = {
			isa = XCConfigurationList;
			buildConfigurations = (
				D53944AC2628101000DAC940 /* Debug */,
				D53944AD2628101000DAC940 /* Release */,
			);
			defaultConfigurationIsVisible = 0;
			defaultConfigurationName = Release;
		};
		D53944AE2628101000DAC940 /* Build configuration list for PBXNativeTarget "Swift Chuzai" */ = {
			isa = XCConfigurationList;
			buildConfigurations = (
				D53944AF2628101000DAC940 /* Debug */,
				D53944B02628101000DAC940 /* Release */,
			);
			defaultConfigurationIsVisible = 0;
			defaultConfigurationName = Release;
		};
/* End XCConfigurationList section */
	};
	rootObject = D53944922628100C00DAC940 /* Project object */;
}
